PackratFormat: 1.4
PackratVersion: 0.4.8.1
RVersion: 3.4.3
Repos: BioCsoft=https://bioconductor.org/packages/3.6/bioc,
    BioCann=https://bioconductor.org/packages/3.6/data/annotation,
    BioCexp=https://bioconductor.org/packages/3.6/data/experiment,
    CRAN=https://cran.rstudio.com/

Package: AnnotationDbi
Source: Bioconductor
Version: 1.40.0
Hash: 185bc9c8ccbed94957b7f4a622195278
Requires: Biobase, BiocGenerics, DBI, IRanges, RSQLite, S4Vectors

Package: AnnotationHub
Source: Bioconductor
Version: 2.10.1
Hash: e480a8e6c0aaac689127acf986ef00fb
Requires: AnnotationDbi, BiocGenerics, BiocInstaller, RSQLite,
    S4Vectors, curl, httr, interactiveDisplayBase, yaml

Package: BH
Source: CRAN
Version: 1.65.0-1
Hash: 95f62be4d6916aae14a310a8b56a6475

Package: Biobase
Source: Bioconductor
Version: 2.38.0
Hash: 0244109184b2af652cc74c424943a85b
Requires: BiocGenerics

Package: BiocGenerics
Source: Bioconductor
Version: 0.24.0
Hash: b0e8545b3d329a929c98672b0957fbde

Package: BiocInstaller
Source: Bioconductor
Version: 1.28.0
Hash: d0ba96fdc386731c75313f5bb5ba3d68

Package: BiocParallel
Source: Bioconductor
Version: 1.12.0
Hash: 5d796cfe9c2da7d6445bcbf8437b39ae
Requires: BH, futile.logger, snow

Package: Biostrings
Source: Bioconductor
Version: 2.46.0
Hash: bc51a8d9c0ef8c55ba62ba80e2f9db77
Requires: BiocGenerics, IRanges, S4Vectors, XVector

Package: Cairo
Source: CRAN
Version: 1.5-9
Hash: 6acb4ad0cff51c9f8148e344db173f70

Package: DBI
Source: CRAN
Version: 0.7
Hash: 1ab72df487f06ad5f0de05446cdd4bd6

Package: DESeq2
Source: Bioconductor
Version: 1.18.1
Hash: 2ebbed5cf9d373bdfe9155eb7eb24a1d
Requires: Biobase, BiocGenerics, BiocParallel, GenomicRanges, Hmisc,
    IRanges, Rcpp, RcppArmadillo, S4Vectors, SummarizedExperiment,
    genefilter, geneplotter, ggplot2, locfit

Package: DEoptimR
Source: CRAN
Version: 1.0-8
Hash: adc74e88e85eabe6c7d73db6a86fe6cf

Package: DT
Source: CRAN
Version: 0.2
Hash: 36b032203797956fedad5a25055016a9
Requires: htmltools, htmlwidgets, magrittr

Package: DelayedArray
Source: Bioconductor
Version: 0.4.1
Hash: 02e56f0f77cb1a1b5724d64a2ebfc7ab
Requires: BiocGenerics, IRanges, S4Vectors, matrixStats

Package: Formula
Source: CRAN
Version: 1.2-2
Hash: 31c4658e6ae879eee45fcf7b6d109464

Package: GO.db
Source: Bioconductor
Version: 3.5.0
Hash: a7a4c0448689f88fab4aecdd1f0f4577
Requires: AnnotationDbi

Package: GenomeInfoDb
Source: Bioconductor
Version: 1.14.0
Hash: b5a84073ca10237f46cbed202b89a5a0
Requires: BiocGenerics, GenomeInfoDbData, IRanges, RCurl, S4Vectors

Package: GenomeInfoDbData
Source: Bioconductor
Version: 1.0.0
Hash: d0ec739d779d804a5ad3ddb268d0c5c6

Package: GenomicAlignments
Source: Bioconductor
Version: 1.14.1
Hash: 3af0cf73f77b307c64ddf451c3f04c6c
Requires: BiocGenerics, BiocParallel, Biostrings, GenomeInfoDb,
    GenomicRanges, IRanges, Rsamtools, S4Vectors, SummarizedExperiment

Package: GenomicFeatures
Source: Bioconductor
Version: 1.30.0
Hash: 73e17da218076c45173c61003de4b617
Requires: AnnotationDbi, Biobase, BiocGenerics, Biostrings, DBI,
    GenomeInfoDb, GenomicRanges, IRanges, RCurl, RMySQL, RSQLite,
    S4Vectors, XVector, biomaRt, rtracklayer

Package: GenomicRanges
Source: Bioconductor
Version: 1.30.0
Hash: 0a61ec16fb2816a0047c65e87c38a1b3
Requires: BiocGenerics, GenomeInfoDb, IRanges, S4Vectors, XVector

Package: Hmisc
Source: CRAN
Version: 4.0-3
Hash: 7e93c14752acdc238561bbdf56ad9ac2
Requires: Formula, acepack, base64enc, data.table, ggplot2, gridExtra,
    gtable, htmlTable, htmltools, latticeExtra, viridis

Package: IRanges
Source: Bioconductor
Version: 2.12.0
Hash: 20a52cdea49f9eb06ac17ebb163bc188
Requires: BiocGenerics, S4Vectors

Package: R6
Source: CRAN
Version: 2.2.2
Hash: b2366cd9d2f3851a5704b4e192b985c2

Package: RColorBrewer
Source: CRAN
Version: 1.1-2
Hash: c0d56cd15034f395874c870141870c25

Package: RCurl
Source: CRAN
Version: 1.95-4.8
Hash: 79c7d5a8684e44e0e3426d3093aa7d90
Requires: bitops

Package: RMySQL
Source: CRAN
Version: 0.10.13
Hash: 9cb5f1692b33d3c6b981e5e1e95abee6
Requires: DBI

Package: RSQLite
Source: CRAN
Version: 2.0
Hash: 58177d547a83cd5a9c05bd9a695993fa
Requires: BH, DBI, Rcpp, bit64, blob, memoise, pkgconfig, plogr

Package: Rcpp
Source: CRAN
Version: 0.12.14
Hash: f9a2a481350397e53b0768bf488329cd

Package: RcppArmadillo
Source: CRAN
Version: 0.8.300.1.0
Hash: 3b6ef5b2a56d5db1b6d8c1369b80cb36
Requires: Rcpp

Package: Rsamtools
Source: Bioconductor
Version: 1.30.0
Hash: d499d1832e35c71a02d8cb5e27cb97e9
Requires: BiocGenerics, BiocParallel, Biostrings, GenomeInfoDb,
    GenomicRanges, IRanges, S4Vectors, XVector, bitops, zlibbioc

Package: S4Vectors
Source: Bioconductor
Version: 0.16.0
Hash: 5b1afbd539d11cd088f381808566d3ee
Requires: BiocGenerics

Package: SummarizedExperiment
Source: Bioconductor
Version: 1.8.1
Hash: 010f1aba8807ed930aad7cc11b6c4db9
Requires: Biobase, BiocGenerics, DelayedArray, GenomeInfoDb,
    GenomicRanges, IRanges, S4Vectors

Package: VennDiagram
Source: CRAN
Version: 1.6.18
Hash: fd49e06d80b77de4d02113f20d8fa80e
Requires: futile.logger

Package: XML
Source: CRAN
Version: 3.98-1.9
Hash: 02079c4025bbfa0f63400cc0bb414952

Package: XVector
Source: Bioconductor
Version: 0.18.0
Hash: e19ff73907143d1f2cfea21291efaa52
Requires: BiocGenerics, IRanges, S4Vectors, zlibbioc

Package: acepack
Source: CRAN
Version: 1.4.1
Hash: 5ed3b04bc1fa1a934188fc6022d3ba7c

Package: amap
Source: CRAN
Version: 0.8-14
Hash: e14b6afdc767acc1e170dcd10fd29414

Package: annotate
Source: Bioconductor
Version: 1.56.1
Hash: 7a197d84b321b79a7c221354a5695528
Requires: AnnotationDbi, Biobase, BiocGenerics, DBI, RCurl, XML, xtable

Package: assertthat
Source: CRAN
Version: 0.2.0
Hash: e8805df54c65ac96d50235c44a82615c

Package: backports
Source: CRAN
Version: 1.1.2
Hash: 5ae7b3466e529e4400951ca18c137e40

Package: base64enc
Source: CRAN
Version: 0.1-3
Hash: c590d29e555926af053055e23ee79efb

Package: bindr
Source: CRAN
Version: 0.1
Hash: e3a02070cf705d3ad1c5af1635a515a3

Package: bindrcpp
Source: CRAN
Version: 0.2
Hash: 7f7dcd1dc351f84798fd3dc4eb8a0e78
Requires: Rcpp, bindr, plogr

Package: biomaRt
Source: Bioconductor
Version: 2.34.1
Hash: 07362b826b6cb99e47f1bfe22d583385
Requires: AnnotationDbi, RCurl, XML, httr, progress, stringr

Package: bit
Source: CRAN
Version: 1.1-12
Hash: a4cdb11cf9fd6dd38f9f40c413b81e93

Package: bit64
Source: CRAN
Version: 0.9-7
Hash: 4b195615d19ba49c114eb04e09e30a96
Requires: bit

Package: bitops
Source: CRAN
Version: 1.0-6
Hash: 67d0775189fd0041d95abca618c5c07e

Package: blob
Source: CRAN
Version: 1.1.0
Hash: e29764e47f2faf0cd5b74cbcddc3fa9c
Requires: tibble

Package: caTools
Source: CRAN
Version: 1.17.1
Hash: 97cb6f6293cd18d17df77a6383cc6763
Requires: bitops

Package: checkmate
Source: CRAN
Version: 1.8.5
Hash: e1bbc5228ab3da931a099208bc95ad23
Requires: backports

Package: colorspace
Source: CRAN
Version: 1.3-2
Hash: 0bf8618b585fa98eb23414cd3ab95118

Package: colourpicker
Source: CRAN
Version: 1.0
Hash: eeabe1a468bdf15e9001a6cecbd56013
Requires: ggplot2, htmltools, htmlwidgets, jsonlite, miniUI, shiny,
    shinyjs

Package: ctc
Source: Bioconductor
Version: 1.52.0
Hash: f847eafd2d4cfa709267ec28bca67a2b
Requires: amap

Package: curl
Source: CRAN
Version: 3.1
Hash: 877149b42d479b93ab15d5cef46c0f1b

Package: data.table
Source: CRAN
Version: 1.10.4-3
Hash: 3c270a59ca3298aba8df3c1ae3bbea19

Package: dendextend
Source: CRAN
Version: 1.6.0
Hash: 50bf0ea216594426a3bd8729d74c485e
Requires: fpc, ggplot2, magrittr, viridis, whisker

Package: devtools
Source: CRAN
Version: 1.13.4
Hash: 80a77b22f641002c7ce0343baeaee300
Requires: digest, git2r, httr, jsonlite, memoise, rstudioapi, whisker,
    withr

Package: dichromat
Source: CRAN
Version: 2.0-0
Hash: 08eed0c80510af29bb15f840ccfe37ce

Package: digest
Source: CRAN
Version: 0.6.13
Hash: cfce0bc7ed5ba0cdc47182698fae1d24

Package: diptest
Source: CRAN
Version: 0.75-7
Hash: de93e5330ff45c5795d0bae12c8a9695

Package: dplyr
Source: CRAN
Version: 0.7.4
Hash: e1c300a22e22086568531c9d0c93bafc
Requires: BH, R6, Rcpp, assertthat, bindrcpp, glue, magrittr,
    pkgconfig, plogr, rlang, tibble

Package: evaluate
Source: CRAN
Version: 0.10.1
Hash: 54d95f4ec6d0300100413ed0127d89ae
Requires: stringr

Package: fastcluster
Source: CRAN
Version: 1.1.24
Hash: 0372bda7a533d0e0f6105d70385642cb

Package: flexmix
Source: CRAN
Version: 2.3-14
Hash: 7664d705ce1d61d0c1b58df0ed4aa490
Requires: modeltools

Package: fpc
Source: CRAN
Version: 2.1-10
Hash: e537c1c8a52f67db5296c272e9090cbc
Requires: diptest, flexmix, kernlab, mclust, mvtnorm, prabclus,
    robustbase, trimcluster

Package: futile.logger
Source: CRAN
Version: 1.4.3
Hash: d1cc6584b39f2c4cfbe377fd94cbdbaa
Requires: futile.options, lambda.r

Package: futile.options
Source: CRAN
Version: 1.0.0
Hash: 4f24cbf581681c263186b9425f05ba3e

Package: gdata
Source: CRAN
Version: 2.18.0
Hash: 62797fafa287d1845a014c615d46e50c
Requires: gtools

Package: gdtools
Source: CRAN
Version: 0.1.6
Hash: 554779851f218e8f14eb3a4ee7192137
Requires: Rcpp, withr

Package: genefilter
Source: Bioconductor
Version: 1.60.0
Hash: 7363a86a50a713c146c79c3045b15228
Requires: AnnotationDbi, Biobase, S4Vectors, annotate

Package: geneplotter
Source: Bioconductor
Version: 1.56.0
Hash: b259e76f477da46c0c2191dbe4ef4dc3
Requires: AnnotationDbi, Biobase, BiocGenerics, RColorBrewer, annotate

Package: ggbiplot
Source: github
Version: 0.55
Hash: 5bebbf96df3e900f54d0579b59527fc8
Requires: ggplot2, plyr, scales
GithubRepo: ggbiplot
GithubUsername: vqv
GithubRef: master
GithubSha1: 7325e880485bea4c07465a0304c470608fffb5d9

Package: ggplot2
Source: CRAN
Version: 2.2.1
Hash: 46e5cb78836848aa44655e577433f54b
Requires: digest, gtable, lazyeval, plyr, reshape2, scales, tibble

Package: git2r
Source: CRAN
Version: 0.20.0
Hash: 11747e2b4c91ecd101150d7f44027670

Package: glue
Source: CRAN
Version: 1.2.0
Hash: 381e42baedecc633c0e547a0c7ca9de7

Package: gplots
Source: CRAN
Version: 3.0.1
Hash: b7abe122479c203aa236499b7fc4b816
Requires: caTools, gdata, gtools

Package: gradientPickerD3
Source: CRAN
Version: 0.1.0.0
Hash: 8ed45980330e32631f14225ec5ad83fd
Requires: htmlwidgets, jsonlite, shiny

Package: gridExtra
Source: CRAN
Version: 2.3
Hash: fa977bc1aab5588a08123b10ceb1ad3d
Requires: gtable

Package: gtable
Source: CRAN
Version: 0.2.0
Hash: cd78381a9d3fea966ac39bd0daaf5554

Package: gtools
Source: CRAN
Version: 3.5.0
Hash: 471b2e2452dfb30fdc1dd6f1b567925a

Package: highr
Source: CRAN
Version: 0.6
Hash: aa3d5b7912b5fed4b546ed5cd2a1760b

Package: htmlTable
Source: CRAN
Version: 1.11.0
Hash: eeae0d6d700ad24b177ed4fdf2d36d33
Requires: checkmate, dplyr, htmltools, htmlwidgets, knitr, magrittr,
    rstudioapi, stringr, tidyr

Package: htmltools
Source: CRAN
Version: 0.3.6
Hash: 10db2fe4e1ac6057e5555db165a0d870
Requires: Rcpp, digest

Package: htmlwidgets
Source: CRAN
Version: 0.9
Hash: 7514f6ea9f3bef6d9b6c945095275302
Requires: htmltools, jsonlite, yaml

Package: httpuv
Source: CRAN
Version: 1.3.5
Hash: ecd2d1c0cac94fe968398551b57d7fb2
Requires: Rcpp

Package: httr
Source: CRAN
Version: 1.3.1
Hash: 2d32e01e53d532c812052e27a1021441
Requires: R6, curl, jsonlite, mime, openssl

Package: interactiveDisplayBase
Source: Bioconductor
Version: 1.16.0
Hash: 0e428798c11990c233e8d2ce1e7fc53e
Requires: BiocGenerics, shiny

Package: jsonlite
Source: CRAN
Version: 1.5
Hash: 9c51936d8dd00b2f1d4fe9d10499694c

Package: kernlab
Source: CRAN
Version: 0.9-25
Hash: bf60122a2e1f073661edb69651a682c2

Package: knitr
Source: CRAN
Version: 1.17
Hash: f6b2bf543ee3e25f5b92bb46f9958c5f
Requires: digest, evaluate, highr, markdown, stringr, yaml

Package: labeling
Source: CRAN
Version: 0.3
Hash: ecf589b42cd284b03a4beb9665482d3e

Package: lambda.r
Source: CRAN
Version: 1.2
Hash: a17af00010c92198f159cebf1467e111

Package: latticeExtra
Source: CRAN
Version: 0.6-28
Hash: efdf3a10a129129f7b8f4ae5a0d7ec3d
Requires: RColorBrewer

Package: lazyeval
Source: CRAN
Version: 0.2.1
Hash: 88926ad9c43581fd0822a37c8ed09f05

Package: locfit
Source: CRAN
Version: 1.5-9.1
Hash: f8adf87b055dff233b7c3f5b4a174554

Package: magrittr
Source: CRAN
Version: 1.5
Hash: bdc4d48c3135e8f3b399536ddf160df4

Package: markdown
Source: CRAN
Version: 0.8
Hash: 045d7c594d503b41f1c28946d076c8aa
Requires: mime

Package: matrixStats
Source: CRAN
Version: 0.52.2
Hash: 6488b8966b761e99eb2ccb3e6ab09ba7

Package: mclust
Source: CRAN
Version: 5.4
Hash: 1a9178a14010144db0d8d3dd40eca3f2

Package: memoise
Source: CRAN
Version: 1.1.0
Hash: 410fcd334bc626db100237cc1370f2e9
Requires: digest

Package: mime
Source: CRAN
Version: 0.5
Hash: 463550cf44fb6f0a2359368f42eebe62

Package: miniUI
Source: CRAN
Version: 0.1.1
Hash: e85626581f80b1fe6c92a96ec348efc5
Requires: htmltools, shiny

Package: misc3d
Source: CRAN
Version: 0.8-4
Hash: 44836021ee460c4176d6e070e931f488

Package: modeltools
Source: CRAN
Version: 0.2-21
Hash: 3dc03397b2a4375c8a5e5f09c8cf0ae1

Package: munsell
Source: CRAN
Version: 0.4.3
Hash: f96d896947fcaf9b6d0074002e9f4f9d
Requires: colorspace

Package: mvtnorm
Source: CRAN
Version: 1.0-6
Hash: 1f55cdac387721d4eda1126ac9aba73b

Package: openssl
Source: CRAN
Version: 0.9.9
Hash: 3858537ac10388a5db1687450908f257

Package: openxlsx
Source: CRAN
Version: 4.0.17
Hash: fcf8b90435390652c26d3cdfc0b91e50
Requires: Rcpp

Package: packrat
Source: CRAN
Version: 0.4.8-1
Hash: 6ad605ba7b4b476d84be6632393f5765

Package: pkgconfig
Source: CRAN
Version: 2.0.1
Hash: 0dda4a2654a22b36a715c2b0b6fbacac

Package: plogr
Source: CRAN
Version: 0.1-1
Hash: fb19215402e2d9f1c7f803dcaa806fc2

Package: plot3D
Source: CRAN
Version: 1.1.1
Hash: 3d5dee438be3fc8bb1c8c14ae41be8a7
Requires: misc3d

Package: plyr
Source: CRAN
Version: 1.8.4
Hash: 39dd3286b865c7b725d74c9a4c1b7931
Requires: Rcpp

Package: prabclus
Source: CRAN
Version: 2.2-6
Hash: e646245afbb6b8ed25e22e8a76b781cd
Requires: mclust

Package: prettyunits
Source: CRAN
Version: 1.0.2
Hash: 49286102a855640daaa38eafe8b1ec30
Requires: assertthat, magrittr

Package: progress
Source: CRAN
Version: 1.1.2
Hash: ceef88c244d792a874bdacf72b6a30da
Requires: R6, prettyunits

Package: purrr
Source: CRAN
Version: 0.2.4
Hash: a80b244ccd3fdb33a0ff2be3c50dd648
Requires: magrittr, rlang, tibble

Package: reshape2
Source: CRAN
Version: 1.4.3
Hash: 8b30de99bcf5d40fa1e3be0809ecce8e
Requires: Rcpp, plyr, stringr

Package: rlang
Source: CRAN
Version: 0.1.4
Hash: fef2abdadbb8db061b9d37e7ca5cb0b4

Package: rmarkdown
Source: CRAN
Version: 1.8
Hash: 2a7842e3cee62a79dd737d17e9e9d86b
Requires: base64enc, evaluate, htmltools, jsonlite, knitr, mime,
    rprojroot, stringr, yaml

Package: robustbase
Source: CRAN
Version: 0.92-8
Hash: 47f671cf700fbaa2015bb61701e6f7f4
Requires: DEoptimR

Package: rprojroot
Source: CRAN
Version: 1.3-1
Hash: 669bbbe1a44a3fe1e9d076536439b709
Requires: backports

Package: rstudioapi
Source: CRAN
Version: 0.7
Hash: e2ebaff8160aff3e6b32e6e78a693c2d

Package: rtracklayer
Source: Bioconductor
Version: 1.38.2
Hash: d3676ded24a50b307bb81fcbe80fe476
Requires: BiocGenerics, Biostrings, GenomeInfoDb, GenomicAlignments,
    GenomicRanges, IRanges, RCurl, Rsamtools, S4Vectors, XML, XVector,
    zlibbioc

Package: scales
Source: CRAN
Version: 0.5.0
Hash: 77d3b989d0995d27c9b2fa7da4093f34
Requires: R6, RColorBrewer, Rcpp, dichromat, labeling, munsell, plyr,
    viridisLite

Package: scatterplot3d
Source: CRAN
Version: 0.3-40
Hash: 3c2907170a496ebb2e2bf92742574124

Package: shiny
Source: CRAN
Version: 1.0.5
Hash: 4d47532a807122bfd6bc3818310f9d2e
Requires: R6, digest, htmltools, httpuv, jsonlite, mime, sourcetools,
    xtable

Package: shinyBS
Source: CRAN
Version: 0.61
Hash: 4644935bd93e62a0b82686b26af7efc2
Requires: htmltools, shiny

Package: shinyjs
Source: CRAN
Version: 0.9.1
Hash: 80334571084beac03513e51be8a35554
Requires: digest, htmltools, jsonlite, miniUI, shiny

Package: snow
Source: CRAN
Version: 0.4-2
Hash: bf705214a3d32b037dd24940931c289e

Package: sourcetools
Source: CRAN
Version: 0.1.6
Hash: 226d56d7469587da40b0f96180e711b4

Package: stringi
Source: CRAN
Version: 1.1.6
Hash: 4430faf2bcbe1b8de0d9be55bcfdcc0b

Package: stringr
Source: CRAN
Version: 1.2.0
Hash: 25a86d7f410513ebb7c0bc6a5e16bdc3
Requires: magrittr, stringi

Package: svglite
Source: CRAN
Version: 1.2.1
Hash: 2c34bfb644328644305b24b97446bb72
Requires: BH, Rcpp, gdtools

Package: tibble
Source: CRAN
Version: 1.3.4
Hash: 2a67e8388d452614b66121fefa1e39b7
Requires: Rcpp, rlang

Package: tidyr
Source: CRAN
Version: 0.7.2
Hash: fcc26b5be4f8c300b3a02300de6131bf
Requires: Rcpp, dplyr, glue, magrittr, purrr, rlang, stringi, tibble,
    tidyselect

Package: tidyselect
Source: CRAN
Version: 0.2.3
Hash: f734832478bdc63b43457f9a0bc5a056
Requires: Rcpp, glue, purrr, rlang

Package: trimcluster
Source: CRAN
Version: 0.1-2
Hash: 662a899a1377c7d3f2cef1722e335aff

Package: viridis
Source: CRAN
Version: 0.4.0
Hash: 5bdac1bcf74a10a7a96f82191f498ab7
Requires: ggplot2, gridExtra, viridisLite

Package: viridisLite
Source: CRAN
Version: 0.2.0
Hash: 10f0c25af3dc84eaae10f5854f47efdb

Package: whisker
Source: CRAN
Version: 0.3-2
Hash: 803d662762e532705c2c066a82d066e7

Package: withr
Source: CRAN
Version: 2.1.1
Hash: a86856ae0b4a7c3daf9a3ef0097a403b

Package: xtable
Source: CRAN
Version: 1.8-2
Hash: 7293235cfcc14cdff1ce7fd1a0212031

Package: yaml
Source: CRAN
Version: 2.1.16
Hash: 784ea5d8302d4a81f166a32a33c10711

Package: zlibbioc
Source: Bioconductor
Version: 1.24.0
Hash: e3dc79a6c62193cca9cafd986eed4e02
